Microsoft Visual Studio Solution File, Format Version 11.00
# Visual Studio 2008

Project("{BCBFD16F-C60B-0C4D-2CAC-5303A2CA1957}") = "BookProject", "Assembly-CSharp-firstpass.csproj", "{2305E701-800A-25EC-6220-CB03E15711C4}"
EndProject
Project("{BCBFD16F-C60B-0C4D-2CAC-5303A2CA1957}") = "BookProject", "Assembly-UnityScript-firstpass.unityproj", "{BE9658EC-5924-19B3-E63E-75A36177A9E8}"
EndProject
Project("{BCBFD16F-C60B-0C4D-2CAC-5303A2CA1957}") = "BookProject", "Assembly-UnityScript.unityproj", "{36F68AF8-900F-E467-3E5C-FCE886D58CE1}"
EndProject
Global
	GlobalSection(SolutionConfigurationPlatforms) = preSolution
		Debug|Any CPU = Debug|Any CPU
		Release|Any CPU = Release|Any CPU
	EndGlobalSection
	GlobalSection(ProjectConfigurationPlatforms) = postSolution
		{2305E701-800A-25EC-6220-CB03E15711C4}.Debug|Any CPU.ActiveCfg = Debug|Any CPU
		{2305E701-800A-25EC-6220-CB03E15711C4}.Debug|Any CPU.Build.0 = Debug|Any CPU
		{2305E701-800A-25EC-6220-CB03E15711C4}.Release|Any CPU.ActiveCfg = Release|Any CPU
		{2305E701-800A-25EC-6220-CB03E15711C4}.Release|Any CPU.Build.0 = Release|Any CPU
		{BE9658EC-5924-19B3-E63E-75A36177A9E8}.Debug|Any CPU.ActiveCfg = Debug|Any CPU
		{BE9658EC-5924-19B3-E63E-75A36177A9E8}.Debug|Any CPU.Build.0 = Debug|Any CPU
		{BE9658EC-5924-19B3-E63E-75A36177A9E8}.Release|Any CPU.ActiveCfg = Release|Any CPU
		{BE9658EC-5924-19B3-E63E-75A36177A9E8}.Release|Any CPU.Build.0 = Release|Any CPU
		{36F68AF8-900F-E467-3E5C-FCE886D58CE1}.Debug|Any CPU.ActiveCfg = Debug|Any CPU
		{36F68AF8-900F-E467-3E5C-FCE886D58CE1}.Debug|Any CPU.Build.0 = Debug|Any CPU
		{36F68AF8-900F-E467-3E5C-FCE886D58CE1}.Release|Any CPU.ActiveCfg = Release|Any CPU
		{36F68AF8-900F-E467-3E5C-FCE886D58CE1}.Release|Any CPU.Build.0 = Release|Any CPU
	EndGlobalSection
	GlobalSection(SolutionProperties) = preSolution
		HideSolutionNode = FALSE
	EndGlobalSection
																																		GlobalSection(MonoDevelopProperties) = preSolution
		StartupItem = Assembly-CSharp.csproj
		Policies = $0
		$0.TextStylePolicy = $1
		$1.inheritsSet = null
		$1.scope = text/x-csharp
		$0.CSharpFormattingPolicy = $2
		$2.inheritsSet = Mono
		$2.inheritsScope = text/x-csharp
		$2.scope = text/x-csharp
		$0.TextStylePolicy = $3
		$3.FileWidth = 120
		$3.TabWidth = 4
		$3.EolMarker = Unix
		$3.inheritsSet = Mono
		$3.inheritsScope = text/plain
		$3.scope = text/plain
	EndGlobalSection

EndGlobal
